
Microsoft Visual Studio Solution File, Format Version 12.00
# Visual Studio Version 17
VisualStudioVersion = 17.14.36401.2 d17.14
MinimumVisualStudioVersion = 10.0.40219.1
Project("{FAE04EC0-301F-11D3-BF4B-00C04F79EFBC}") = "Exam2", "Exam2\Exam2.csproj", "{AA117025-5BBB-4230-9C17-56466F73669C}"
EndProject
Global
	GlobalSection(SolutionConfigurationPlatforms) = preSolution
		Debug|Any CPU = Debug|Any CPU
		Release|Any CPU = Release|Any CPU
	EndGlobalSection
	GlobalSection(ProjectConfigurationPlatforms) = postSolution
		{AA117025-5BBB-4230-9C17-56466F73669C}.Debug|Any CPU.ActiveCfg = Debug|Any CPU
		{AA117025-5BBB-4230-9C17-56466F73669C}.Debug|Any CPU.Build.0 = Debug|Any CPU
		{AA117025-5BBB-4230-9C17-56466F73669C}.Release|Any CPU.ActiveCfg = Release|Any CPU
		{AA117025-5BBB-4230-9C17-56466F73669C}.Release|Any CPU.Build.0 = Release|Any CPU
	EndGlobalSection
	GlobalSection(SolutionProperties) = preSolution
		HideSolutionNode = FALSE
	EndGlobalSection
	GlobalSection(ExtensibilityGlobals) = postSolution
		SolutionGuid = {8FAC9F42-E286-4055-93F9-3DB100A4EFDC}
	EndGlobalSection
EndGlobal
